
Microsoft Visual Studio Solution File, Format Version 12.00
# Visual Studio Version 17
VisualStudioVersion = 17.5.002.0
MinimumVisualStudioVersion = 10.0.40219.1
Project("{9A19103F-16F7-4668-BE54-9A1E7A4F7556}") = "TechcareerBootcampFest4Project", "TechcareerBootcampFest4Project.csproj", "{D2B3F176-4E02-4FEF-8A95-E68AA49E2BC7}"
EndProject
Global
	GlobalSection(SolutionConfigurationPlatforms) = preSolution
		Debug|Any CPU = Debug|Any CPU
		Release|Any CPU = Release|Any CPU
	EndGlobalSection
	GlobalSection(ProjectConfigurationPlatforms) = postSolution
		{D2B3F176-4E02-4FEF-8A95-E68AA49E2BC7}.Debug|Any CPU.ActiveCfg = Debug|Any CPU
		{D2B3F176-4E02-4FEF-8A95-E68AA49E2BC7}.Debug|Any CPU.Build.0 = Debug|Any CPU
		{D2B3F176-4E02-4FEF-8A95-E68AA49E2BC7}.Release|Any CPU.ActiveCfg = Release|Any CPU
		{D2B3F176-4E02-4FEF-8A95-E68AA49E2BC7}.Release|Any CPU.Build.0 = Release|Any CPU
	EndGlobalSection
	GlobalSection(SolutionProperties) = preSolution
		HideSolutionNode = FALSE
	EndGlobalSection
	GlobalSection(ExtensibilityGlobals) = postSolution
		SolutionGuid = {18991B1F-C101-4AD5-A3F0-D8E914D0F63E}
	EndGlobalSection
EndGlobal
